// !$*UTF8*$!
{
	archiveVersion = 1;
	classes = {
	};
	objectVersion = 46;
	objects = {

/* Begin PBXBuildFile section */
		9B74DA5719A29FAE004DE8D2 /* main.m in Sources */ = {isa = PBXBuildFile; fileRef = 9B74DA5619A29FAE004DE8D2 /* main.m */; };
		9B74DA5A19A29FAE004DE8D2 /* AppDelegate.m in Sources */ = {isa = PBXBuildFile; fileRef = 9B74DA5919A29FAE004DE8D2 /* AppDelegate.m */; };
		9B74DA6E19A29FAE004DE8D2 /* SpeakeasyTests.m in Sources */ = {isa = PBXBuildFile; fileRef = 9B74DA6D19A29FAE004DE8D2 /* SpeakeasyTests.m */; };
		9B74DA7819A29FD1004DE8D2 /* Images.xcassets in Resources */ = {isa = PBXBuildFile; fileRef = 9B74DA7719A29FD1004DE8D2 /* Images.xcassets */; };
		9B74DA7B19A29FDE004DE8D2 /* ToastKit.m in Sources */ = {isa = PBXBuildFile; fileRef = 9B74DA7A19A29FDE004DE8D2 /* ToastKit.m */; };
		9B74DA7E19A29FF2004DE8D2 /* Screen.m in Sources */ = {isa = PBXBuildFile; fileRef = 9B74DA7D19A29FF2004DE8D2 /* Screen.m */; };
		9B74DA8119A2A017004DE8D2 /* KeyboardTyping.m in Sources */ = {isa = PBXBuildFile; fileRef = 9B74DA8019A2A017004DE8D2 /* KeyboardTyping.m */; };
		9B74DA8419A2A3C7004DE8D2 /* ItemList.m in Sources */ = {isa = PBXBuildFile; fileRef = 9B74DA8319A2A3C7004DE8D2 /* ItemList.m */; };
		9B74DA8719A2A537004DE8D2 /* SectionsBrowser.m in Sources */ = {isa = PBXBuildFile; fileRef = 9B74DA8619A2A537004DE8D2 /* SectionsBrowser.m */; };
		9B74DA8A19A2A82B004DE8D2 /* Create.m in Sources */ = {isa = PBXBuildFile; fileRef = 9B74DA8919A2A82B004DE8D2 /* Create.m */; };
		9B74DA8D19A2AE7C004DE8D2 /* Completed.m in Sources */ = {isa = PBXBuildFile; fileRef = 9B74DA8C19A2AE7C004DE8D2 /* Completed.m */; };
		9B74DA9019A2B101004DE8D2 /* ChangeImage.m in Sources */ = {isa = PBXBuildFile; fileRef = 9B74DA8F19A2B101004DE8D2 /* ChangeImage.m */; };
		9B74DA9319A2B4C9004DE8D2 /* Reply.m in Sources */ = {isa = PBXBuildFile; fileRef = 9B74DA9219A2B4C9004DE8D2 /* Reply.m */; };
		9BFAA7C319A4036A00E66961 /* List.m in Sources */ = {isa = PBXBuildFile; fileRef = 9BFAA7C219A4036A00E66961 /* List.m */; };
		9BFAA7C619A447AB00E66961 /* Share.m in Sources */ = {isa = PBXBuildFile; fileRef = 9BFAA7C519A447AB00E66961 /* Share.m */; };
/* End PBXBuildFile section */

/* Begin PBXContainerItemProxy section */
		9B74DA6819A29FAE004DE8D2 /* PBXContainerItemProxy */ = {
			isa = PBXContainerItemProxy;
			containerPortal = 9B74DA4919A29FAE004DE8D2 /* Project object */;
			proxyType = 1;
			remoteGlobalIDString = 9B74DA5019A29FAE004DE8D2;
			remoteInfo = Speakeasy;
		};
/* End PBXContainerItemProxy section */

/* Begin PBXFileReference section */
		9B74DA5119A29FAE004DE8D2 /* Speakeasy.app */ = {isa = PBXFileReference; explicitFileType = wrapper.application; includeInIndex = 0; path = Speakeasy.app; sourceTree = BUILT_PRODUCTS_DIR; };
		9B74DA5519A29FAE004DE8D2 /* Info.plist */ = {isa = PBXFileReference; lastKnownFileType = text.plist.xml; path = Info.plist; sourceTree = "<group>"; };
		9B74DA5619A29FAE004DE8D2 /* main.m */ = {isa = PBXFileReference; lastKnownFileType = sourcecode.c.objc; path = main.m; sourceTree = "<group>"; };
		9B74DA5819A29FAE004DE8D2 /* AppDelegate.h */ = {isa = PBXFileReference; lastKnownFileType = sourcecode.c.h; path = AppDelegate.h; sourceTree = "<group>"; };
		9B74DA5919A29FAE004DE8D2 /* AppDelegate.m */ = {isa = PBXFileReference; lastKnownFileType = sourcecode.c.objc; path = AppDelegate.m; sourceTree = "<group>"; };
		9B74DA6719A29FAE004DE8D2 /* SpeakeasyTests.xctest */ = {isa = PBXFileReference; explicitFileType = wrapper.cfbundle; includeInIndex = 0; path = SpeakeasyTests.xctest; sourceTree = BUILT_PRODUCTS_DIR; };
		9B74DA6C19A29FAE004DE8D2 /* Info.plist */ = {isa = PBXFileReference; lastKnownFileType = text.plist.xml; path = Info.plist; sourceTree = "<group>"; };
		9B74DA6D19A29FAE004DE8D2 /* SpeakeasyTests.m */ = {isa = PBXFileReference; lastKnownFileType = sourcecode.c.objc; path = SpeakeasyTests.m; sourceTree = "<group>"; };
		9B74DA7719A29FD1004DE8D2 /* Images.xcassets */ = {isa = PBXFileReference; lastKnownFileType = folder.assetcatalog; path = Images.xcassets; sourceTree = "<group>"; };
		9B74DA7919A29FDE004DE8D2 /* ToastKit.h */ = {isa = PBXFileReference; fileEncoding = 4; lastKnownFileType = sourcecode.c.h; path = ToastKit.h; sourceTree = "<group>"; };
		9B74DA7A19A29FDE004DE8D2 /* ToastKit.m */ = {isa = PBXFileReference; fileEncoding = 4; lastKnownFileType = sourcecode.c.objc; path = ToastKit.m; sourceTree = "<group>"; };
		9B74DA7C19A29FF2004DE8D2 /* Screen.h */ = {isa = PBXFileReference; fileEncoding = 4; lastKnownFileType = sourcecode.c.h; path = Screen.h; sourceTree = "<group>"; };
		9B74DA7D19A29FF2004DE8D2 /* Screen.m */ = {isa = PBXFileReference; fileEncoding = 4; lastKnownFileType = sourcecode.c.objc; path = Screen.m; sourceTree = "<group>"; };
		9B74DA7F19A2A017004DE8D2 /* KeyboardTyping.h */ = {isa = PBXFileReference; fileEncoding = 4; lastKnownFileType = sourcecode.c.h; path = KeyboardTyping.h; sourceTree = "<group>"; };
		9B74DA8019A2A017004DE8D2 /* KeyboardTyping.m */ = {isa = PBXFileReference; fileEncoding = 4; lastKnownFileType = sourcecode.c.objc; path = KeyboardTyping.m; sourceTree = "<group>"; };
		9B74DA8219A2A3C7004DE8D2 /* ItemList.h */ = {isa = PBXFileReference; fileEncoding = 4; lastKnownFileType = sourcecode.c.h; path = ItemList.h; sourceTree = "<group>"; };
		9B74DA8319A2A3C7004DE8D2 /* ItemList.m */ = {isa = PBXFileReference; fileEncoding = 4; lastKnownFileType = sourcecode.c.objc; path = ItemList.m; sourceTree = "<group>"; };
		9B74DA8519A2A537004DE8D2 /* SectionsBrowser.h */ = {isa = PBXFileReference; fileEncoding = 4; lastKnownFileType = sourcecode.c.h; path = SectionsBrowser.h; sourceTree = "<group>"; };
		9B74DA8619A2A537004DE8D2 /* SectionsBrowser.m */ = {isa = PBXFileReference; fileEncoding = 4; lastKnownFileType = sourcecode.c.objc; path = SectionsBrowser.m; sourceTree = "<group>"; };
		9B74DA8819A2A82B004DE8D2 /* Create.h */ = {isa = PBXFileReference; fileEncoding = 4; lastKnownFileType = sourcecode.c.h; path = Create.h; sourceTree = "<group>"; };
		9B74DA8919A2A82B004DE8D2 /* Create.m */ = {isa = PBXFileReference; fileEncoding = 4; lastKnownFileType = sourcecode.c.objc; path = Create.m; sourceTree = "<group>"; };
		9B74DA8B19A2AE7C004DE8D2 /* Completed.h */ = {isa = PBXFileReference; fileEncoding = 4; lastKnownFileType = sourcecode.c.h; path = Completed.h; sourceTree = "<group>"; };
		9B74DA8C19A2AE7C004DE8D2 /* Completed.m */ = {isa = PBXFileReference; fileEncoding = 4; lastKnownFileType = sourcecode.c.objc; path = Completed.m; sourceTree = "<group>"; };
		9B74DA8E19A2B101004DE8D2 /* ChangeImage.h */ = {isa = PBXFileReference; fileEncoding = 4; lastKnownFileType = sourcecode.c.h; path = ChangeImage.h; sourceTree = "<group>"; };
		9B74DA8F19A2B101004DE8D2 /* ChangeImage.m */ = {isa = PBXFileReference; fileEncoding = 4; lastKnownFileType = sourcecode.c.objc; path = ChangeImage.m; sourceTree = "<group>"; };
		9B74DA9119A2B4C9004DE8D2 /* Reply.h */ = {isa = PBXFileReference; fileEncoding = 4; lastKnownFileType = sourcecode.c.h; path = Reply.h; sourceTree = "<group>"; };
		9B74DA9219A2B4C9004DE8D2 /* Reply.m */ = {isa = PBXFileReference; fileEncoding = 4; lastKnownFileType = sourcecode.c.objc; path = Reply.m; sourceTree = "<group>"; };
		9BFAA7C119A4036A00E66961 /* List.h */ = {isa = PBXFileReference; fileEncoding = 4; lastKnownFileType = sourcecode.c.h; path = List.h; sourceTree = "<group>"; };
		9BFAA7C219A4036A00E66961 /* List.m */ = {isa = PBXFileReference; fileEncoding = 4; lastKnownFileType = sourcecode.c.objc; path = List.m; sourceTree = "<group>"; };
		9BFAA7C419A447AB00E66961 /* Share.h */ = {isa = PBXFileReference; fileEncoding = 4; lastKnownFileType = sourcecode.c.h; path = Share.h; sourceTree = "<group>"; };
		9BFAA7C519A447AB00E66961 /* Share.m */ = {isa = PBXFileReference; fileEncoding = 4; lastKnownFileType = sourcecode.c.objc; path = Share.m; sourceTree = "<group>"; };
/* End PBXFileReference section */

/* Begin PBXFrameworksBuildPhase section */
		9B74DA4E19A29FAE004DE8D2 /* Frameworks */ = {
			isa = PBXFrameworksBuildPhase;
			buildActionMask = 2147483647;
			files = (
			);
			runOnlyForDeploymentPostprocessing = 0;
		};
		9B74DA6419A29FAE004DE8D2 /* Frameworks */ = {
			isa = PBXFrameworksBuildPhase;
			buildActionMask = 2147483647;
			files = (
			);
			runOnlyForDeploymentPostprocessing = 0;
		};
/* End PBXFrameworksBuildPhase section */

/* Begin PBXGroup section */
		9B74DA4819A29FAE004DE8D2 = {
			isa = PBXGroup;
			children = (
				9B74DA5319A29FAE004DE8D2 /* Speakeasy */,
				9B74DA6A19A29FAE004DE8D2 /* SpeakeasyTests */,
				9B74DA5219A29FAE004DE8D2 /* Products */,
			);
			sourceTree = "<group>";
		};
		9B74DA5219A29FAE004DE8D2 /* Products */ = {
			isa = PBXGroup;
			children = (
				9B74DA5119A29FAE004DE8D2 /* Speakeasy.app */,
				9B74DA6719A29FAE004DE8D2 /* SpeakeasyTests.xctest */,
			);
			name = Products;
			sourceTree = "<group>";
		};
		9B74DA5319A29FAE004DE8D2 /* Speakeasy */ = {
			isa = PBXGroup;
			children = (
				9B74DA7C19A29FF2004DE8D2 /* Screen.h */,
				9B74DA7D19A29FF2004DE8D2 /* Screen.m */,
				9B74DA8819A2A82B004DE8D2 /* Create.h */,
				9B74DA8919A2A82B004DE8D2 /* Create.m */,
				9B74DA8B19A2AE7C004DE8D2 /* Completed.h */,
				9B74DA8C19A2AE7C004DE8D2 /* Completed.m */,
				9BFAA7C419A447AB00E66961 /* Share.h */,
				9BFAA7C519A447AB00E66961 /* Share.m */,
				9BFAA7C119A4036A00E66961 /* List.h */,
				9BFAA7C219A4036A00E66961 /* List.m */,
				9B74DA8219A2A3C7004DE8D2 /* ItemList.h */,
				9B74DA8319A2A3C7004DE8D2 /* ItemList.m */,
				9B74DA8519A2A537004DE8D2 /* SectionsBrowser.h */,
				9B74DA8619A2A537004DE8D2 /* SectionsBrowser.m */,
				9B74DA7F19A2A017004DE8D2 /* KeyboardTyping.h */,
				9B74DA8019A2A017004DE8D2 /* KeyboardTyping.m */,
				9B74DA5819A29FAE004DE8D2 /* AppDelegate.h */,
				9B74DA5919A29FAE004DE8D2 /* AppDelegate.m */,
				9B74DA7719A29FD1004DE8D2 /* Images.xcassets */,
				9B74DA9119A2B4C9004DE8D2 /* Reply.h */,
				9B74DA9219A2B4C9004DE8D2 /* Reply.m */,
				9B74DA8E19A2B101004DE8D2 /* ChangeImage.h */,
				9B74DA8F19A2B101004DE8D2 /* ChangeImage.m */,
				9B74DA7919A29FDE004DE8D2 /* ToastKit.h */,
				9B74DA7A19A29FDE004DE8D2 /* ToastKit.m */,
				9B74DA5419A29FAE004DE8D2 /* Supporting Files */,
			);
			path = Speakeasy;
			sourceTree = "<group>";
		};
		9B74DA5419A29FAE004DE8D2 /* Supporting Files */ = {
			isa = PBXGroup;
			children = (
				9B74DA5519A29FAE004DE8D2 /* Info.plist */,
				9B74DA5619A29FAE004DE8D2 /* main.m */,
			);
			name = "Supporting Files";
			sourceTree = "<group>";
		};
		9B74DA6A19A29FAE004DE8D2 /* SpeakeasyTests */ = {
			isa = PBXGroup;
			children = (
				9B74DA6D19A29FAE004DE8D2 /* SpeakeasyTests.m */,
				9B74DA6B19A29FAE004DE8D2 /* Supporting Files */,
			);
			path = SpeakeasyTests;
			sourceTree = "<group>";
		};
		9B74DA6B19A29FAE004DE8D2 /* Supporting Files */ = {
			isa = PBXGroup;
			children = (
				9B74DA6C19A29FAE004DE8D2 /* Info.plist */,
			);
			name = "Supporting Files";
			sourceTree = "<group>";
		};
/* End PBXGroup section */

/* Begin PBXNativeTarget section */
		9B74DA5019A29FAE004DE8D2 /* Speakeasy */ = {
			isa = PBXNativeTarget;
			buildConfigurationList = 9B74DA7119A29FAE004DE8D2 /* Build configuration list for PBXNativeTarget "Speakeasy" */;
			buildPhases = (
				9B74DA4D19A29FAE004DE8D2 /* Sources */,
				9B74DA4E19A29FAE004DE8D2 /* Frameworks */,
				9B74DA4F19A29FAE004DE8D2 /* Resources */,
			);
			buildRules = (
			);
			dependencies = (
			);
			name = Speakeasy;
			productName = Speakeasy;
			productReference = 9B74DA5119A29FAE004DE8D2 /* Speakeasy.app */;
			productType = "com.apple.product-type.application";
		};
		9B74DA6619A29FAE004DE8D2 /* SpeakeasyTests */ = {
			isa = PBXNativeTarget;
			buildConfigurationList = 9B74DA7419A29FAE004DE8D2 /* Build configuration list for PBXNativeTarget "SpeakeasyTests" */;
			buildPhases = (
				9B74DA6319A29FAE004DE8D2 /* Sources */,
				9B74DA6419A29FAE004DE8D2 /* Frameworks */,
				9B74DA6519A29FAE004DE8D2 /* Resources */,
			);
			buildRules = (
			);
			dependencies = (
				9B74DA6919A29FAE004DE8D2 /* PBXTargetDependency */,
			);
			name = SpeakeasyTests;
			productName = SpeakeasyTests;
			productReference = 9B74DA6719A29FAE004DE8D2 /* SpeakeasyTests.xctest */;
			productType = "com.apple.product-type.bundle.unit-test";
		};
/* End PBXNativeTarget section */

/* Begin PBXProject section */
		9B74DA4919A29FAE004DE8D2 /* Project object */ = {
			isa = PBXProject;
			attributes = {
				LastUpgradeCheck = 0600;
				ORGANIZATIONNAME = "Enigma Labs";
				TargetAttributes = {
					9B74DA5019A29FAE004DE8D2 = {
						CreatedOnToolsVersion = 6.0;
						DevelopmentTeam = 83S62JHMRL;
					};
					9B74DA6619A29FAE004DE8D2 = {
						CreatedOnToolsVersion = 6.0;
						TestTargetID = 9B74DA5019A29FAE004DE8D2;
					};
				};
			};
			buildConfigurationList = 9B74DA4C19A29FAE004DE8D2 /* Build configuration list for PBXProject "Speakeasy" */;
			compatibilityVersion = "Xcode 3.2";
			developmentRegion = English;
			hasScannedForEncodings = 0;
			knownRegions = (
				en,
				Base,
			);
			mainGroup = 9B74DA4819A29FAE004DE8D2;
			productRefGroup = 9B74DA5219A29FAE004DE8D2 /* Products */;
			projectDirPath = "";
			projectRoot = "";
			targets = (
				9B74DA5019A29FAE004DE8D2 /* Speakeasy */,
				9B74DA6619A29FAE004DE8D2 /* SpeakeasyTests */,
			);
		};
/* End PBXProject section */

/* Begin PBXResourcesBuildPhase section */
		9B74DA4F19A29FAE004DE8D2 /* Resources */ = {
			isa = PBXResourcesBuildPhase;
			buildActionMask = 2147483647;
			files = (
				9B74DA7819A29FD1004DE8D2 /* Images.xcassets in Resources */,
			);
			runOnlyForDeploymentPostprocessing = 0;
		};
		9B74DA6519A29FAE004DE8D2 /* Resources */ = {
			isa = PBXResourcesBuildPhase;
			buildActionMask = 2147483647;
			files = (
			);
			runOnlyForDeploymentPostprocessing = 0;
		};
/* End PBXResourcesBuildPhase section */

/* Begin PBXSourcesBuildPhase section */
		9B74DA4D19A29FAE004DE8D2 /* Sources */ = {
			isa = PBXSourcesBuildPhase;
			buildActionMask = 2147483647;
			files = (
				9B74DA8A19A2A82B004DE8D2 /* Create.m in Sources */,
				9BFAA7C619A447AB00E66961 /* Share.m in Sources */,
				9B74DA8D19A2AE7C004DE8D2 /* Completed.m in Sources */,
				9B74DA5A19A29FAE004DE8D2 /* AppDelegate.m in Sources */,
				9B74DA7B19A29FDE004DE8D2 /* ToastKit.m in Sources */,
				9B74DA8119A2A017004DE8D2 /* KeyboardTyping.m in Sources */,
				9B74DA5719A29FAE004DE8D2 /* main.m in Sources */,
				9B74DA9319A2B4C9004DE8D2 /* Reply.m in Sources */,
				9B74DA8719A2A537004DE8D2 /* SectionsBrowser.m in Sources */,
				9B74DA8419A2A3C7004DE8D2 /* ItemList.m in Sources */,
				9BFAA7C319A4036A00E66961 /* List.m in Sources */,
				9B74DA7E19A29FF2004DE8D2 /* Screen.m in Sources */,
				9B74DA9019A2B101004DE8D2 /* ChangeImage.m in Sources */,
			);
			runOnlyForDeploymentPostprocessing = 0;
		};
		9B74DA6319A29FAE004DE8D2 /* Sources */ = {
			isa = PBXSourcesBuildPhase;
			buildActionMask = 2147483647;
			files = (
				9B74DA6E19A29FAE004DE8D2 /* SpeakeasyTests.m in Sources */,
			);
			runOnlyForDeploymentPostprocessing = 0;
		};
/* End PBXSourcesBuildPhase section */

/* Begin PBXTargetDependency section */
		9B74DA6919A29FAE004DE8D2 /* PBXTargetDependency */ = {
			isa = PBXTargetDependency;
			target = 9B74DA5019A29FAE004DE8D2 /* Speakeasy */;
			targetProxy = 9B74DA6819A29FAE004DE8D2 /* PBXContainerItemProxy */;
		};
/* End PBXTargetDependency section */

/* Begin XCBuildConfiguration section */
		9B74DA6F19A29FAE004DE8D2 /* Debug */ = {
			isa = XCBuildConfiguration;
			buildSettings = {
				ALWAYS_SEARCH_USER_PATHS = NO;
				CLANG_CXX_LANGUAGE_STANDARD = "gnu++0x";
				CLANG_CXX_LIBRARY = "libc++";
				CLANG_ENABLE_MODULES = YES;
				CLANG_ENABLE_OBJC_ARC = YES;
				CLANG_WARN_BOOL_CONVERSION = YES;
				CLANG_WARN_CONSTANT_CONVERSION = YES;
				CLANG_WARN_DIRECT_OBJC_ISA_USAGE = YES_ERROR;
				CLANG_WARN_EMPTY_BODY = YES;
				CLANG_WARN_ENUM_CONVERSION = YES;
				CLANG_WARN_INT_CONVERSION = YES;
				CLANG_WARN_OBJC_ROOT_CLASS = YES_ERROR;
				CLANG_WARN_UNREACHABLE_CODE = YES;
				CLANG_WARN__DUPLICATE_METHOD_MATCH = YES;
				"CODE_SIGN_IDENTITY[sdk=iphoneos*]" = "iPhone Developer";
				COPY_PHASE_STRIP = NO;
				ENABLE_STRICT_OBJC_MSGSEND = YES;
				GCC_C_LANGUAGE_STANDARD = gnu99;
				GCC_DYNAMIC_NO_PIC = NO;
				GCC_OPTIMIZATION_LEVEL = 0;
				GCC_PREPROCESSOR_DEFINITIONS = (
					"DEBUG=1",
					"$(inherited)",
				);
				GCC_SYMBOLS_PRIVATE_EXTERN = NO;
				GCC_WARN_64_TO_32_BIT_CONVERSION = YES;
				GCC_WARN_ABOUT_RETURN_TYPE = YES_ERROR;
				GCC_WARN_UNDECLARED_SELECTOR = YES;
				GCC_WARN_UNINITIALIZED_AUTOS = YES_AGGRESSIVE;
				GCC_WARN_UNUSED_FUNCTION = YES;
				GCC_WARN_UNUSED_VARIABLE = YES;
				IPHONEOS_DEPLOYMENT_TARGET = 8.0;
				MTL_ENABLE_DEBUG_INFO = YES;
				ONLY_ACTIVE_ARCH = YES;
				SDKROOT = iphoneos;
			};
			name = Debug;
		};
		9B74DA7019A29FAE004DE8D2 /* Release */ = {
			isa = XCBuildConfiguration;
			buildSettings = {
				ALWAYS_SEARCH_USER_PATHS = NO;
				CLANG_CXX_LANGUAGE_STANDARD = "gnu++0x";
				CLANG_CXX_LIBRARY = "libc++";
				CLANG_ENABLE_MODULES = YES;
				CLANG_ENABLE_OBJC_ARC = YES;
				CLANG_WARN_BOOL_CONVERSION = YES;
				CLANG_WARN_CONSTANT_CONVERSION = YES;
				CLANG_WARN_DIRECT_OBJC_ISA_USAGE = YES_ERROR;
				CLANG_WARN_EMPTY_BODY = YES;
				CLANG_WARN_ENUM_CONVERSION = YES;
				CLANG_WARN_INT_CONVERSION = YES;
				CLANG_WARN_OBJC_ROOT_CLASS = YES_ERROR;
				CLANG_WARN_UNREACHABLE_CODE = YES;
				CLANG_WARN__DUPLICATE_METHOD_MATCH = YES;
				"CODE_SIGN_IDENTITY[sdk=iphoneos*]" = "iPhone Distribution";
				COPY_PHASE_STRIP = YES;
				ENABLE_NS_ASSERTIONS = NO;
				ENABLE_STRICT_OBJC_MSGSEND = YES;
				GCC_C_LANGUAGE_STANDARD = gnu99;
				GCC_WARN_64_TO_32_BIT_CONVERSION = YES;
				GCC_WARN_ABOUT_RETURN_TYPE = YES_ERROR;
				GCC_WARN_UNDECLARED_SELECTOR = YES;
				GCC_WARN_UNINITIALIZED_AUTOS = YES_AGGRESSIVE;
				GCC_WARN_UNUSED_FUNCTION = YES;
				GCC_WARN_UNUSED_VARIABLE = YES;
				IPHONEOS_DEPLOYMENT_TARGET = 8.0;
				MTL_ENABLE_DEBUG_INFO = NO;
				SDKROOT = iphoneos;
				VALIDATE_PRODUCT = YES;
			};
			name = Release;
		};
		9B74DA7219A29FAE004DE8D2 /* Debug */ = {
			isa = XCBuildConfiguration;
			buildSettings = {
				ASSETCATALOG_COMPILER_APPICON_NAME = AppIcon;
				ASSETCATALOG_COMPILER_LAUNCHIMAGE_NAME = LaunchImage;
				CODE_SIGN_IDENTITY = "iPhone Developer";
				INFOPLIST_FILE = Speakeasy/Info.plist;
				IPHONEOS_DEPLOYMENT_TARGET = 7.1;
				LD_RUNPATH_SEARCH_PATHS = "$(inherited) @executable_path/Frameworks";
				PRODUCT_NAME = "$(TARGET_NAME)";
			};
			name = Debug;
		};
		9B74DA7319A29FAE004DE8D2 /* Release */ = {
			isa = XCBuildConfiguration;
			buildSettings = {
				ASSETCATALOG_COMPILER_APPICON_NAME = AppIcon;
				ASSETCATALOG_COMPILER_LAUNCHIMAGE_NAME = LaunchImage;
				CODE_SIGN_IDENTITY = "iPhone Developer";
				INFOPLIST_FILE = Speakeasy/Info.plist;
				IPHONEOS_DEPLOYMENT_TARGET = 7.1;
				LD_RUNPATH_SEARCH_PATHS = "$(inherited) @executable_path/Frameworks";
				PRODUCT_NAME = "$(TARGET_NAME)";
			};
			name = Release;
		};
		9B74DA7519A29FAE004DE8D2 /* Debug */ = {
			isa = XCBuildConfiguration;
			buildSettings = {
				BUNDLE_LOADER = "$(TEST_HOST)";
				FRAMEWORK_SEARCH_PATHS = (
					"$(SDKROOT)/Developer/Library/Frameworks",
					"$(inherited)",
				);
				GCC_PREPROCESSOR_DEFINITIONS = (
					"DEBUG=1",
					"$(inherited)",
				);
				INFOPLIST_FILE = SpeakeasyTests/Info.plist;
				LD_RUNPATH_SEARCH_PATHS = "$(inherited) @executable_path/Frameworks @loader_path/Frameworks";
				PRODUCT_NAME = "$(TARGET_NAME)";
				TEST_HOST = "$(BUILT_PRODUCTS_DIR)/Speakeasy.app/Speakeasy";
			};
			name = Debug;
		};
		9B74DA7619A29FAE004DE8D2 /* Release */ = {
			isa = XCBuildConfiguration;
			buildSettings = {
				BUNDLE_LOADER = "$(TEST_HOST)";
				FRAMEWORK_SEARCH_PATHS = (
					"$(SDKROOT)/Developer/Library/Frameworks",
					"$(inherited)",
				);
				INFOPLIST_FILE = SpeakeasyTests/Info.plist;
				LD_RUNPATH_SEARCH_PATHS = "$(inherited) @executable_path/Frameworks @loader_path/Frameworks";
				PRODUCT_NAME = "$(TARGET_NAME)";
				TEST_HOST = "$(BUILT_PRODUCTS_DIR)/Speakeasy.app/Speakeasy";
			};
			name = Release;
		};
/* End XCBuildConfiguration section */

/* Begin XCConfigurationList section */
		9B74DA4C19A29FAE004DE8D2 /* Build configuration list for PBXProject "Speakeasy" */ = {
			isa = XCConfigurationList;
			buildConfigurations = (
				9B74DA6F19A29FAE004DE8D2 /* Debug */,
				9B74DA7019A29FAE004DE8D2 /* Release */,
			);
			defaultConfigurationIsVisible = 0;
			defaultConfigurationName = Release;
		};
		9B74DA7119A29FAE004DE8D2 /* Build configuration list for PBXNativeTarget "Speakeasy" */ = {
			isa = XCConfigurationList;
			buildConfigurations = (
				9B74DA7219A29FAE004DE8D2 /* Debug */,
				9B74DA7319A29FAE004DE8D2 /* Release */,
			);
			defaultConfigurationIsVisible = 0;
			defaultConfigurationName = Release;
		};
		9B74DA7419A29FAE004DE8D2 /* Build configuration list for PBXNativeTarget "SpeakeasyTests" */ = {
			isa = XCConfigurationList;
			buildConfigurations = (
				9B74DA7519A29FAE004DE8D2 /* Debug */,
				9B74DA7619A29FAE004DE8D2 /* Release */,
			);
			defaultConfigurationIsVisible = 0;
			defaultConfigurationName = Release;
		};
/* End XCConfigurationList section */
	};
	rootObject = 9B74DA4919A29FAE004DE8D2 /* Project object */;
}
